
Microsoft Visual Studio Solution File, Format Version 12.00
# Visual Studio Version 17
VisualStudioVersion = 17.2.32526.322
MinimumVisualStudioVersion = 10.0.40219.1
Project("{9A19103F-16F7-4668-BE54-9A1E7A4F7556}") = "StopThinkAct", "StopThinkAct.csproj", "{95F3902E-844C-4AA7-91C4-C465EA003CA2}"
EndProject
Global
	GlobalSection(SolutionConfigurationPlatforms) = preSolution
		Debug|Any CPU = Debug|Any CPU
		Release|Any CPU = Release|Any CPU
	EndGlobalSection
	GlobalSection(ProjectConfigurationPlatforms) = postSolution
		{95F3902E-844C-4AA7-91C4-C465EA003CA2}.Debug|Any CPU.ActiveCfg = Debug|Any CPU
		{95F3902E-844C-4AA7-91C4-C465EA003CA2}.Debug|Any CPU.Build.0 = Debug|Any CPU
		{95F3902E-844C-4AA7-91C4-C465EA003CA2}.Release|Any CPU.ActiveCfg = Release|Any CPU
		{95F3902E-844C-4AA7-91C4-C465EA003CA2}.Release|Any CPU.Build.0 = Release|Any CPU
	EndGlobalSection
	GlobalSection(SolutionProperties) = preSolution
		HideSolutionNode = FALSE
	EndGlobalSection
	GlobalSection(ExtensibilityGlobals) = postSolution
		SolutionGuid = {DB5F1DA5-FEC8-475E-9770-B558A5403733}
	EndGlobalSection
EndGlobal
